
Microsoft Visual Studio Solution File, Format Version 12.00
# Visual Studio Version 16
VisualStudioVersion = 16.0.30011.22
MinimumVisualStudioVersion = 10.0.40219.1
Project("{FAE04EC0-301F-11D3-BF4B-00C04F79EFBC}") = "zenDzeeMods_SampleSliders", "zenDzeeMods_SampleSliders.csproj", "{915A499F-1AEC-452D-A3A1-5F20D48BDB9E}"
EndProject
Global
	GlobalSection(SolutionConfigurationPlatforms) = preSolution
		Debug|Any CPU = Debug|Any CPU
		Release|Any CPU = Release|Any CPU
	EndGlobalSection
	GlobalSection(ProjectConfigurationPlatforms) = postSolution
		{915A499F-1AEC-452D-A3A1-5F20D48BDB9E}.Debug|Any CPU.ActiveCfg = Debug|Any CPU
		{915A499F-1AEC-452D-A3A1-5F20D48BDB9E}.Debug|Any CPU.Build.0 = Debug|Any CPU
		{915A499F-1AEC-452D-A3A1-5F20D48BDB9E}.Release|Any CPU.ActiveCfg = Release|Any CPU
		{915A499F-1AEC-452D-A3A1-5F20D48BDB9E}.Release|Any CPU.Build.0 = Release|Any CPU
	EndGlobalSection
	GlobalSection(SolutionProperties) = preSolution
		HideSolutionNode = FALSE
	EndGlobalSection
	GlobalSection(ExtensibilityGlobals) = postSolution
		SolutionGuid = {C122CC5D-45DB-4E4F-8EA9-6CDAA1496DD9}
	EndGlobalSection
EndGlobal
